
Microsoft Visual Studio Solution File, Format Version 12.00
# Visual Studio 15
Project("{FAE04EC0-301F-11D3-BF4B-00C04F79EFBC}") = "UnityEngine.UI", "UnityEngine.UI.csproj", "{477FE550-E627-7EE3-F9A2-72E35E3CBB2D}"
EndProject
Project("{FAE04EC0-301F-11D3-BF4B-00C04F79EFBC}") = "UnityEngine.TestRunner", "UnityEngine.TestRunner.csproj", "{E4340E74-C0C2-583A-5E0F-BE4EFBAB75D4}"
EndProject
Project("{FAE04EC0-301F-11D3-BF4B-00C04F79EFBC}") = "Unity.VisualScripting.Flow", "Unity.VisualScripting.Flow.csproj", "{AA3FB136-B562-B0F8-E320-DBA5FB42327E}"
EndProject
Project("{FAE04EC0-301F-11D3-BF4B-00C04F79EFBC}") = "Unity.Mathematics", "Unity.Mathematics.csproj", "{E3EA2E0A-BDDB-BCC5-DE6C-FC2D68F08B5F}"
EndProject
Project("{FAE04EC0-301F-11D3-BF4B-00C04F79EFBC}") = "Unity.VisualScripting.State", "Unity.VisualScripting.State.csproj", "{DAEA1088-B201-1D8D-DF13-DA5385865EE7}"
EndProject
Project("{FAE04EC0-301F-11D3-BF4B-00C04F79EFBC}") = "Unity.VisualScripting.Core", "Unity.VisualScripting.Core.csproj", "{BC288E68-4D4A-D05A-1AA1-F13B4FB7E6E2}"
EndProject
Project("{FAE04EC0-301F-11D3-BF4B-00C04F79EFBC}") = "Unity.Burst", "Unity.Burst.csproj", "{C659F010-745E-2608-CA4F-1A9E5963CFD1}"
EndProject
Project("{FAE04EC0-301F-11D3-BF4B-00C04F79EFBC}") = "Unity.2D.Animation.Runtime", "Unity.2D.Animation.Runtime.csproj", "{43DCA391-9AA0-CE44-F8DB-3C26E63EC602}"
EndProject
Project("{FAE04EC0-301F-11D3-BF4B-00C04F79EFBC}") = "Unity.TextMeshPro", "Unity.TextMeshPro.csproj", "{865EFAFD-FAA9-7910-F023-6006C71B7CBF}"
EndProject
Project("{FAE04EC0-301F-11D3-BF4B-00C04F79EFBC}") = "Unity.Timeline", "Unity.Timeline.csproj", "{00478843-D600-BF85-655D-3BD9D015266D}"
EndProject
Project("{FAE04EC0-301F-11D3-BF4B-00C04F79EFBC}") = "CFXRDemo", "CFXRDemo.csproj", "{18A3689E-EEF6-BABF-40EB-F3896742145A}"
EndProject
Project("{FAE04EC0-301F-11D3-BF4B-00C04F79EFBC}") = "Assembly-CSharp", "Assembly-CSharp.csproj", "{95D0A1F1-C1CF-F33A-24F3-6CBD442A40F1}"
EndProject
Project("{FAE04EC0-301F-11D3-BF4B-00C04F79EFBC}") = "Unity.2D.SpriteShape.Runtime", "Unity.2D.SpriteShape.Runtime.csproj", "{3A7D7C1A-16E3-6848-D8CA-50F96BD1269C}"
EndProject
Project("{FAE04EC0-301F-11D3-BF4B-00C04F79EFBC}") = "Unity.2D.PixelPerfect", "Unity.2D.PixelPerfect.csproj", "{11B4C813-E534-5EED-AFCB-3A5267133EC0}"
EndProject
Project("{FAE04EC0-301F-11D3-BF4B-00C04F79EFBC}") = "Unity.2D.Common.Runtime", "Unity.2D.Common.Runtime.csproj", "{8BEEFEF5-88DD-0ABF-781F-E33322C0C8A3}"
EndProject
Project("{FAE04EC0-301F-11D3-BF4B-00C04F79EFBC}") = "Unity.2D.IK.Runtime", "Unity.2D.IK.Runtime.csproj", "{42CFBCEA-FD05-A455-6E40-23439635C9F7}"
EndProject
Project("{FAE04EC0-301F-11D3-BF4B-00C04F79EFBC}") = "CFXRRuntime", "CFXRRuntime.csproj", "{0D341CA6-7B4F-A4A9-5873-5E8FEB2512C3}"
EndProject
Project("{FAE04EC0-301F-11D3-BF4B-00C04F79EFBC}") = "Unity.2D.Tilemap.Extras", "Unity.2D.Tilemap.Extras.csproj", "{1628871C-1D12-FF53-9941-73E59456EECC}"
EndProject
Project("{FAE04EC0-301F-11D3-BF4B-00C04F79EFBC}") = "Unity.Recorder", "Unity.Recorder.csproj", "{81214C16-C29E-EC0A-31E6-4DDC372817F0}"
EndProject
Project("{FAE04EC0-301F-11D3-BF4B-00C04F79EFBC}") = "Unity.InternalAPIEngineBridge.001", "Unity.InternalAPIEngineBridge.001.csproj", "{17A63FD8-3E9B-45BF-76B1-B1385DA49A80}"
EndProject
Project("{FAE04EC0-301F-11D3-BF4B-00C04F79EFBC}") = "Unity.Recorder.Base", "Unity.Recorder.Base.csproj", "{77EB3B29-9244-4CDA-C6CD-7479ACE21256}"
EndProject
Project("{FAE04EC0-301F-11D3-BF4B-00C04F79EFBC}") = "KinoBloom.Runtime", "KinoBloom.Runtime.csproj", "{F9948B39-5212-826F-3FBE-AE3947D2D028}"
EndProject
Project("{FAE04EC0-301F-11D3-BF4B-00C04F79EFBC}") = "Unity.PlasticSCM.Editor", "Unity.PlasticSCM.Editor.csproj", "{78CE5FF0-E5FC-0EA9-07E6-9F82BE2B3369}"
EndProject
Project("{FAE04EC0-301F-11D3-BF4B-00C04F79EFBC}") = "Unity.VisualScripting.Core.Editor", "Unity.VisualScripting.Core.Editor.csproj", "{40617545-5F80-4590-26B8-8A255DACD52F}"
EndProject
Project("{FAE04EC0-301F-11D3-BF4B-00C04F79EFBC}") = "Unity.VisualScripting.Flow.Editor", "Unity.VisualScripting.Flow.Editor.csproj", "{8E030CA9-E29F-91A8-A35F-4D0A8767194B}"
EndProject
Project("{FAE04EC0-301F-11D3-BF4B-00C04F79EFBC}") = "Unity.VisualStudio.Editor", "Unity.VisualStudio.Editor.csproj", "{368B1D57-B5BB-B3D0-56D7-37D3F6116478}"
EndProject
Project("{FAE04EC0-301F-11D3-BF4B-00C04F79EFBC}") = "Unity.Timeline.Editor", "Unity.Timeline.Editor.csproj", "{B90A5D39-69CA-A693-EAE7-B90BA243B878}"
EndProject
Project("{FAE04EC0-301F-11D3-BF4B-00C04F79EFBC}") = "Unity.Recorder.Editor", "Unity.Recorder.Editor.csproj", "{6D8BEF81-7452-9364-2D2D-99A23F1A8018}"
EndProject
Project("{FAE04EC0-301F-11D3-BF4B-00C04F79EFBC}") = "Unity.VisualScripting.State.Editor", "Unity.VisualScripting.State.Editor.csproj", "{A51C81DF-6BE2-420E-5700-E9497C64367E}"
EndProject
Project("{FAE04EC0-301F-11D3-BF4B-00C04F79EFBC}") = "Unity.TextMeshPro.Editor", "Unity.TextMeshPro.Editor.csproj", "{AA19E130-04E2-E69C-C406-0A10729D02F0}"
EndProject
Project("{FAE04EC0-301F-11D3-BF4B-00C04F79EFBC}") = "Unity.2D.PixelPerfect.Editor", "Unity.2D.PixelPerfect.Editor.csproj", "{235D4F00-9454-8439-4F76-E76BF614AB8B}"
EndProject
Project("{FAE04EC0-301F-11D3-BF4B-00C04F79EFBC}") = "Unity.2D.Animation.Editor", "Unity.2D.Animation.Editor.csproj", "{64DCE802-F623-B334-6B7D-59CF20DC4D0A}"
EndProject
Project("{FAE04EC0-301F-11D3-BF4B-00C04F79EFBC}") = "Unity.VisualScripting.SettingsProvider.Editor", "Unity.VisualScripting.SettingsProvider.Editor.csproj", "{7477880C-1F04-D204-FD17-C85CD7DF3868}"
EndProject
Project("{FAE04EC0-301F-11D3-BF4B-00C04F79EFBC}") = "Unity.2D.Psdimporter.Editor", "Unity.2D.Psdimporter.Editor.csproj", "{E0EE8799-B8F6-CE45-00F9-AD27FB1EC57A}"
EndProject
Project("{FAE04EC0-301F-11D3-BF4B-00C04F79EFBC}") = "UnityEditor.TestRunner", "UnityEditor.TestRunner.csproj", "{EEFD3B90-79B3-FA86-3F8E-DA5CD2666F88}"
EndProject
Project("{FAE04EC0-301F-11D3-BF4B-00C04F79EFBC}") = "Unity.2D.Tilemap.Editor", "Unity.2D.Tilemap.Editor.csproj", "{D9C1809A-DD95-6D03-1973-74E5EBD0082A}"
EndProject
Project("{FAE04EC0-301F-11D3-BF4B-00C04F79EFBC}") = "Assembly-CSharp-Editor", "Assembly-CSharp-Editor.csproj", "{C9C8184E-44EA-0C7E-2121-C4E512AF8583}"
EndProject
Project("{FAE04EC0-301F-11D3-BF4B-00C04F79EFBC}") = "Unity.Rider.Editor", "Unity.Rider.Editor.csproj", "{9CA98717-7F32-504B-A03A-7CD0584D91E6}"
EndProject
Project("{FAE04EC0-301F-11D3-BF4B-00C04F79EFBC}") = "Unity.2D.Path.Editor", "Unity.2D.Path.Editor.csproj", "{BF332C4C-C507-EDCE-1813-680359019300}"
EndProject
Project("{FAE04EC0-301F-11D3-BF4B-00C04F79EFBC}") = "PsdPlugin", "PsdPlugin.csproj", "{EEA882F2-03B6-1E31-1051-E71F50758A8A}"
EndProject
Project("{FAE04EC0-301F-11D3-BF4B-00C04F79EFBC}") = "CFXREditor", "CFXREditor.csproj", "{40DC2E5F-7685-6B31-D358-5C430D272A25}"
EndProject
Project("{FAE04EC0-301F-11D3-BF4B-00C04F79EFBC}") = "Unity.2D.IK.Editor", "Unity.2D.IK.Editor.csproj", "{E5A3BC34-DF8F-E772-E197-256CEA8AC6DC}"
EndProject
Project("{FAE04EC0-301F-11D3-BF4B-00C04F79EFBC}") = "Unity.2D.SpriteShape.Editor", "Unity.2D.SpriteShape.Editor.csproj", "{11380547-E9EE-4388-4C8A-0FBB42370FF5}"
EndProject
Project("{FAE04EC0-301F-11D3-BF4B-00C04F79EFBC}") = "Unity.Burst.CodeGen", "Unity.Burst.CodeGen.csproj", "{4DE9B3EE-B010-3481-8BCC-95B05E86775B}"
EndProject
Project("{FAE04EC0-301F-11D3-BF4B-00C04F79EFBC}") = "Unity.VSCode.Editor", "Unity.VSCode.Editor.csproj", "{8C63FE37-027A-2190-2732-DECAB2423AB2}"
EndProject
Project("{FAE04EC0-301F-11D3-BF4B-00C04F79EFBC}") = "Unity.2D.Sprite.Editor", "Unity.2D.Sprite.Editor.csproj", "{CE42CB8F-8596-4BF2-BE16-EF91A6F2A5C4}"
EndProject
Project("{FAE04EC0-301F-11D3-BF4B-00C04F79EFBC}") = "UnityEditor.UI", "UnityEditor.UI.csproj", "{04AE2D32-87A0-B46D-68D2-2789777F2DB9}"
EndProject
Project("{FAE04EC0-301F-11D3-BF4B-00C04F79EFBC}") = "Unity.2D.Common.Editor", "Unity.2D.Common.Editor.csproj", "{10C8F346-B165-5220-D0C5-BD1ACE954E2D}"
EndProject
Project("{FAE04EC0-301F-11D3-BF4B-00C04F79EFBC}") = "Unity.CollabProxy.Editor", "Unity.CollabProxy.Editor.csproj", "{F6597539-1D73-A165-AF3D-1218501FA8D8}"
EndProject
Project("{FAE04EC0-301F-11D3-BF4B-00C04F79EFBC}") = "Unity.Mathematics.Editor", "Unity.Mathematics.Editor.csproj", "{ECF3ABB9-5481-C192-4107-8B9983C16C1C}"
EndProject
Project("{FAE04EC0-301F-11D3-BF4B-00C04F79EFBC}") = "Unity.2D.Tilemap.Extras.Editor", "Unity.2D.Tilemap.Extras.Editor.csproj", "{E979FB66-EC84-EF91-9242-B2712ED7140A}"
EndProject
Project("{FAE04EC0-301F-11D3-BF4B-00C04F79EFBC}") = "Unity.Burst.Editor", "Unity.Burst.Editor.csproj", "{28B728FF-3E53-7DD0-CE04-B482C5C76752}"
EndProject
Project("{FAE04EC0-301F-11D3-BF4B-00C04F79EFBC}") = "Unity.InternalAPIEditorBridge.001", "Unity.InternalAPIEditorBridge.001.csproj", "{1C2AC0D3-6DAE-DC3D-931B-24664CBB06F3}"
EndProject
Project("{FAE04EC0-301F-11D3-BF4B-00C04F79EFBC}") = "Unity.VisualScripting.Shared.Editor", "Unity.VisualScripting.Shared.Editor.csproj", "{5FE77C67-2CAF-6963-5B8F-09872D40457D}"
EndProject
Project("{FAE04EC0-301F-11D3-BF4B-00C04F79EFBC}") = "ToonyColorsPro.Demo.Editor", "ToonyColorsPro.Demo.Editor.csproj", "{486A3C92-07AC-0CA5-4397-0BF66B32562A}"
EndProject
Project("{FAE04EC0-301F-11D3-BF4B-00C04F79EFBC}") = "UnityEngine.UI", "UnityEngine.UI.Player.csproj", "{A0B12E29-D9FD-31AA-D2B4-E4CBCA6021F4}"
EndProject
Project("{FAE04EC0-301F-11D3-BF4B-00C04F79EFBC}") = "UnityEngine.TestRunner", "UnityEngine.TestRunner.Player.csproj", "{00F86DD8-291F-DBFC-B693-0F6188720A83}"
EndProject
Project("{FAE04EC0-301F-11D3-BF4B-00C04F79EFBC}") = "Unity.VisualScripting.Flow", "Unity.VisualScripting.Flow.Player.csproj", "{A1F4E34D-7DB4-85B2-1714-BE4EBF5212AE}"
EndProject
Project("{FAE04EC0-301F-11D3-BF4B-00C04F79EFBC}") = "Unity.Mathematics", "Unity.Mathematics.Player.csproj", "{D4F25B1D-BFED-90FA-9751-10B9BAF81100}"
EndProject
Project("{FAE04EC0-301F-11D3-BF4B-00C04F79EFBC}") = "Unity.VisualScripting.State", "Unity.VisualScripting.State.Player.csproj", "{622F817F-FEEF-606A-7317-2CE9499C552B}"
EndProject
Project("{FAE04EC0-301F-11D3-BF4B-00C04F79EFBC}") = "Unity.VisualScripting.Core", "Unity.VisualScripting.Core.Player.csproj", "{2C8189DD-D553-E2FA-9D7E-C24D369A64E2}"
EndProject
Project("{FAE04EC0-301F-11D3-BF4B-00C04F79EFBC}") = "Unity.Burst", "Unity.Burst.Player.csproj", "{197E4436-B6B7-D3F8-F954-2C5AB2761CF5}"
EndProject
Project("{FAE04EC0-301F-11D3-BF4B-00C04F79EFBC}") = "Unity.2D.Animation.Runtime", "Unity.2D.Animation.Runtime.Player.csproj", "{ED0BABF4-A775-3980-6E86-651A82D2E4B7}"
EndProject
Project("{FAE04EC0-301F-11D3-BF4B-00C04F79EFBC}") = "Unity.TextMeshPro", "Unity.TextMeshPro.Player.csproj", "{62A3CCBC-9596-9B59-9156-14010AE3FD97}"
EndProject
Project("{FAE04EC0-301F-11D3-BF4B-00C04F79EFBC}") = "Unity.Timeline", "Unity.Timeline.Player.csproj", "{BF7656F6-2765-3285-6B3C-4DBFCEC84351}"
EndProject
Project("{FAE04EC0-301F-11D3-BF4B-00C04F79EFBC}") = "CFXRDemo", "CFXRDemo.Player.csproj", "{A34AED29-1474-F11A-11DE-7C69F3FC5AF0}"
EndProject
Project("{FAE04EC0-301F-11D3-BF4B-00C04F79EFBC}") = "Assembly-CSharp", "Assembly-CSharp.Player.csproj", "{C949AF45-A533-1404-6A93-EA3899FB1FA8}"
EndProject
Project("{FAE04EC0-301F-11D3-BF4B-00C04F79EFBC}") = "Unity.2D.SpriteShape.Runtime", "Unity.2D.SpriteShape.Runtime.Player.csproj", "{831CF5C6-A273-EC26-2962-CBD6E23357B0}"
EndProject
Project("{FAE04EC0-301F-11D3-BF4B-00C04F79EFBC}") = "Unity.2D.PixelPerfect", "Unity.2D.PixelPerfect.Player.csproj", "{13D4C677-1FF6-9269-1780-6B5AEB64A266}"
EndProject
Project("{FAE04EC0-301F-11D3-BF4B-00C04F79EFBC}") = "Unity.2D.Common.Runtime", "Unity.2D.Common.Runtime.Player.csproj", "{95347572-88E4-A550-1EF5-8681B6A4F9A2}"
EndProject
Project("{FAE04EC0-301F-11D3-BF4B-00C04F79EFBC}") = "Unity.2D.IK.Runtime", "Unity.2D.IK.Runtime.Player.csproj", "{0D311A19-014E-910C-2093-22DBEFD8C06F}"
EndProject
Project("{FAE04EC0-301F-11D3-BF4B-00C04F79EFBC}") = "CFXRRuntime", "CFXRRuntime.Player.csproj", "{20A4F036-0CA6-BBAF-F03A-8AA4F1419B1B}"
EndProject
Project("{FAE04EC0-301F-11D3-BF4B-00C04F79EFBC}") = "Unity.2D.Tilemap.Extras", "Unity.2D.Tilemap.Extras.Player.csproj", "{7272939D-3051-FE6E-7246-20006F294AFE}"
EndProject
Project("{FAE04EC0-301F-11D3-BF4B-00C04F79EFBC}") = "Unity.Recorder", "Unity.Recorder.Player.csproj", "{F7EBEADC-FFF5-9933-6FCD-D29B2BE08033}"
EndProject
Project("{FAE04EC0-301F-11D3-BF4B-00C04F79EFBC}") = "Unity.InternalAPIEngineBridge.001", "Unity.InternalAPIEngineBridge.001.Player.csproj", "{BD836357-0A1E-66C6-C64E-860FBDDBC030}"
EndProject
Project("{FAE04EC0-301F-11D3-BF4B-00C04F79EFBC}") = "Unity.Recorder.Base", "Unity.Recorder.Base.Player.csproj", "{23C7F24B-8664-6FF4-B8D3-0AD4D0106814}"
EndProject
Project("{FAE04EC0-301F-11D3-BF4B-00C04F79EFBC}") = "KinoBloom.Runtime", "KinoBloom.Runtime.Player.csproj", "{8DF3F290-BD1B-0678-04A4-000356DAD451}"
EndProject
Global
	GlobalSection(SolutionConfigurationPlatforms) = preSolution
		Debug|Any CPU = Debug|Any CPU
		Release|Any CPU = Release|Any CPU
	EndGlobalSection
	GlobalSection(ProjectConfigurationPlatforms) = postSolution
		{477FE550-E627-7EE3-F9A2-72E35E3CBB2D}.Debug|Any CPU.ActiveCfg = Debug|Any CPU
		{477FE550-E627-7EE3-F9A2-72E35E3CBB2D}.Debug|Any CPU.Build.0 = Debug|Any CPU
		{477FE550-E627-7EE3-F9A2-72E35E3CBB2D}.Release|Any CPU.ActiveCfg = Release|Any CPU
		{477FE550-E627-7EE3-F9A2-72E35E3CBB2D}.Release|Any CPU.Build.0 = Release|Any CPU
		{E4340E74-C0C2-583A-5E0F-BE4EFBAB75D4}.Debug|Any CPU.ActiveCfg = Debug|Any CPU
		{E4340E74-C0C2-583A-5E0F-BE4EFBAB75D4}.Debug|Any CPU.Build.0 = Debug|Any CPU
		{E4340E74-C0C2-583A-5E0F-BE4EFBAB75D4}.Release|Any CPU.ActiveCfg = Release|Any CPU
		{E4340E74-C0C2-583A-5E0F-BE4EFBAB75D4}.Release|Any CPU.Build.0 = Release|Any CPU
		{AA3FB136-B562-B0F8-E320-DBA5FB42327E}.Debug|Any CPU.ActiveCfg = Debug|Any CPU
		{AA3FB136-B562-B0F8-E320-DBA5FB42327E}.Debug|Any CPU.Build.0 = Debug|Any CPU
		{AA3FB136-B562-B0F8-E320-DBA5FB42327E}.Release|Any CPU.ActiveCfg = Release|Any CPU
		{AA3FB136-B562-B0F8-E320-DBA5FB42327E}.Release|Any CPU.Build.0 = Release|Any CPU
		{E3EA2E0A-BDDB-BCC5-DE6C-FC2D68F08B5F}.Debug|Any CPU.ActiveCfg = Debug|Any CPU
		{E3EA2E0A-BDDB-BCC5-DE6C-FC2D68F08B5F}.Debug|Any CPU.Build.0 = Debug|Any CPU
		{E3EA2E0A-BDDB-BCC5-DE6C-FC2D68F08B5F}.Release|Any CPU.ActiveCfg = Release|Any CPU
		{E3EA2E0A-BDDB-BCC5-DE6C-FC2D68F08B5F}.Release|Any CPU.Build.0 = Release|Any CPU
		{DAEA1088-B201-1D8D-DF13-DA5385865EE7}.Debug|Any CPU.ActiveCfg = Debug|Any CPU
		{DAEA1088-B201-1D8D-DF13-DA5385865EE7}.Debug|Any CPU.Build.0 = Debug|Any CPU
		{DAEA1088-B201-1D8D-DF13-DA5385865EE7}.Release|Any CPU.ActiveCfg = Release|Any CPU
		{DAEA1088-B201-1D8D-DF13-DA5385865EE7}.Release|Any CPU.Build.0 = Release|Any CPU
		{BC288E68-4D4A-D05A-1AA1-F13B4FB7E6E2}.Debug|Any CPU.ActiveCfg = Debug|Any CPU
		{BC288E68-4D4A-D05A-1AA1-F13B4FB7E6E2}.Debug|Any CPU.Build.0 = Debug|Any CPU
		{BC288E68-4D4A-D05A-1AA1-F13B4FB7E6E2}.Release|Any CPU.ActiveCfg = Release|Any CPU
		{BC288E68-4D4A-D05A-1AA1-F13B4FB7E6E2}.Release|Any CPU.Build.0 = Release|Any CPU
		{C659F010-745E-2608-CA4F-1A9E5963CFD1}.Debug|Any CPU.ActiveCfg = Debug|Any CPU
		{C659F010-745E-2608-CA4F-1A9E5963CFD1}.Debug|Any CPU.Build.0 = Debug|Any CPU
		{C659F010-745E-2608-CA4F-1A9E5963CFD1}.Release|Any CPU.ActiveCfg = Release|Any CPU
		{C659F010-745E-2608-CA4F-1A9E5963CFD1}.Release|Any CPU.Build.0 = Release|Any CPU
		{43DCA391-9AA0-CE44-F8DB-3C26E63EC602}.Debug|Any CPU.ActiveCfg = Debug|Any CPU
		{43DCA391-9AA0-CE44-F8DB-3C26E63EC602}.Debug|Any CPU.Build.0 = Debug|Any CPU
		{43DCA391-9AA0-CE44-F8DB-3C26E63EC602}.Release|Any CPU.ActiveCfg = Release|Any CPU
		{43DCA391-9AA0-CE44-F8DB-3C26E63EC602}.Release|Any CPU.Build.0 = Release|Any CPU
		{865EFAFD-FAA9-7910-F023-6006C71B7CBF}.Debug|Any CPU.ActiveCfg = Debug|Any CPU
		{865EFAFD-FAA9-7910-F023-6006C71B7CBF}.Debug|Any CPU.Build.0 = Debug|Any CPU
		{865EFAFD-FAA9-7910-F023-6006C71B7CBF}.Release|Any CPU.ActiveCfg = Release|Any CPU
		{865EFAFD-FAA9-7910-F023-6006C71B7CBF}.Release|Any CPU.Build.0 = Release|Any CPU
		{00478843-D600-BF85-655D-3BD9D015266D}.Debug|Any CPU.ActiveCfg = Debug|Any CPU
		{00478843-D600-BF85-655D-3BD9D015266D}.Debug|Any CPU.Build.0 = Debug|Any CPU
		{00478843-D600-BF85-655D-3BD9D015266D}.Release|Any CPU.ActiveCfg = Release|Any CPU
		{00478843-D600-BF85-655D-3BD9D015266D}.Release|Any CPU.Build.0 = Release|Any CPU
		{18A3689E-EEF6-BABF-40EB-F3896742145A}.Debug|Any CPU.ActiveCfg = Debug|Any CPU
		{18A3689E-EEF6-BABF-40EB-F3896742145A}.Debug|Any CPU.Build.0 = Debug|Any CPU
		{18A3689E-EEF6-BABF-40EB-F3896742145A}.Release|Any CPU.ActiveCfg = Release|Any CPU
		{18A3689E-EEF6-BABF-40EB-F3896742145A}.Release|Any CPU.Build.0 = Release|Any CPU
		{95D0A1F1-C1CF-F33A-24F3-6CBD442A40F1}.Debug|Any CPU.ActiveCfg = Debug|Any CPU
		{95D0A1F1-C1CF-F33A-24F3-6CBD442A40F1}.Debug|Any CPU.Build.0 = Debug|Any CPU
		{95D0A1F1-C1CF-F33A-24F3-6CBD442A40F1}.Release|Any CPU.ActiveCfg = Release|Any CPU
		{95D0A1F1-C1CF-F33A-24F3-6CBD442A40F1}.Release|Any CPU.Build.0 = Release|Any CPU
		{3A7D7C1A-16E3-6848-D8CA-50F96BD1269C}.Debug|Any CPU.ActiveCfg = Debug|Any CPU
		{3A7D7C1A-16E3-6848-D8CA-50F96BD1269C}.Debug|Any CPU.Build.0 = Debug|Any CPU
		{3A7D7C1A-16E3-6848-D8CA-50F96BD1269C}.Release|Any CPU.ActiveCfg = Release|Any CPU
		{3A7D7C1A-16E3-6848-D8CA-50F96BD1269C}.Release|Any CPU.Build.0 = Release|Any CPU
		{11B4C813-E534-5EED-AFCB-3A5267133EC0}.Debug|Any CPU.ActiveCfg = Debug|Any CPU
		{11B4C813-E534-5EED-AFCB-3A5267133EC0}.Debug|Any CPU.Build.0 = Debug|Any CPU
		{11B4C813-E534-5EED-AFCB-3A5267133EC0}.Release|Any CPU.ActiveCfg = Release|Any CPU
		{11B4C813-E534-5EED-AFCB-3A5267133EC0}.Release|Any CPU.Build.0 = Release|Any CPU
		{8BEEFEF5-88DD-0ABF-781F-E33322C0C8A3}.Debug|Any CPU.ActiveCfg = Debug|Any CPU
		{8BEEFEF5-88DD-0ABF-781F-E33322C0C8A3}.Debug|Any CPU.Build.0 = Debug|Any CPU
		{8BEEFEF5-88DD-0ABF-781F-E33322C0C8A3}.Release|Any CPU.ActiveCfg = Release|Any CPU
		{8BEEFEF5-88DD-0ABF-781F-E33322C0C8A3}.Release|Any CPU.Build.0 = Release|Any CPU
		{42CFBCEA-FD05-A455-6E40-23439635C9F7}.Debug|Any CPU.ActiveCfg = Debug|Any CPU
		{42CFBCEA-FD05-A455-6E40-23439635C9F7}.Debug|Any CPU.Build.0 = Debug|Any CPU
		{42CFBCEA-FD05-A455-6E40-23439635C9F7}.Release|Any CPU.ActiveCfg = Release|Any CPU
		{42CFBCEA-FD05-A455-6E40-23439635C9F7}.Release|Any CPU.Build.0 = Release|Any CPU
		{0D341CA6-7B4F-A4A9-5873-5E8FEB2512C3}.Debug|Any CPU.ActiveCfg = Debug|Any CPU
		{0D341CA6-7B4F-A4A9-5873-5E8FEB2512C3}.Debug|Any CPU.Build.0 = Debug|Any CPU
		{0D341CA6-7B4F-A4A9-5873-5E8FEB2512C3}.Release|Any CPU.ActiveCfg = Release|Any CPU
		{0D341CA6-7B4F-A4A9-5873-5E8FEB2512C3}.Release|Any CPU.Build.0 = Release|Any CPU
		{1628871C-1D12-FF53-9941-73E59456EECC}.Debug|Any CPU.ActiveCfg = Debug|Any CPU
		{1628871C-1D12-FF53-9941-73E59456EECC}.Debug|Any CPU.Build.0 = Debug|Any CPU
		{1628871C-1D12-FF53-9941-73E59456EECC}.Release|Any CPU.ActiveCfg = Release|Any CPU
		{1628871C-1D12-FF53-9941-73E59456EECC}.Release|Any CPU.Build.0 = Release|Any CPU
		{81214C16-C29E-EC0A-31E6-4DDC372817F0}.Debug|Any CPU.ActiveCfg = Debug|Any CPU
		{81214C16-C29E-EC0A-31E6-4DDC372817F0}.Debug|Any CPU.Build.0 = Debug|Any CPU
		{81214C16-C29E-EC0A-31E6-4DDC372817F0}.Release|Any CPU.ActiveCfg = Release|Any CPU
		{81214C16-C29E-EC0A-31E6-4DDC372817F0}.Release|Any CPU.Build.0 = Release|Any CPU
		{17A63FD8-3E9B-45BF-76B1-B1385DA49A80}.Debug|Any CPU.ActiveCfg = Debug|Any CPU
		{17A63FD8-3E9B-45BF-76B1-B1385DA49A80}.Debug|Any CPU.Build.0 = Debug|Any CPU
		{17A63FD8-3E9B-45BF-76B1-B1385DA49A80}.Release|Any CPU.ActiveCfg = Release|Any CPU
		{17A63FD8-3E9B-45BF-76B1-B1385DA49A80}.Release|Any CPU.Build.0 = Release|Any CPU
		{77EB3B29-9244-4CDA-C6CD-7479ACE21256}.Debug|Any CPU.ActiveCfg = Debug|Any CPU
		{77EB3B29-9244-4CDA-C6CD-7479ACE21256}.Debug|Any CPU.Build.0 = Debug|Any CPU
		{77EB3B29-9244-4CDA-C6CD-7479ACE21256}.Release|Any CPU.ActiveCfg = Release|Any CPU
		{77EB3B29-9244-4CDA-C6CD-7479ACE21256}.Release|Any CPU.Build.0 = Release|Any CPU
		{F9948B39-5212-826F-3FBE-AE3947D2D028}.Debug|Any CPU.ActiveCfg = Debug|Any CPU
		{F9948B39-5212-826F-3FBE-AE3947D2D028}.Debug|Any CPU.Build.0 = Debug|Any CPU
		{F9948B39-5212-826F-3FBE-AE3947D2D028}.Release|Any CPU.ActiveCfg = Release|Any CPU
		{F9948B39-5212-826F-3FBE-AE3947D2D028}.Release|Any CPU.Build.0 = Release|Any CPU
		{78CE5FF0-E5FC-0EA9-07E6-9F82BE2B3369}.Debug|Any CPU.ActiveCfg = Debug|Any CPU
		{78CE5FF0-E5FC-0EA9-07E6-9F82BE2B3369}.Debug|Any CPU.Build.0 = Debug|Any CPU
		{78CE5FF0-E5FC-0EA9-07E6-9F82BE2B3369}.Release|Any CPU.ActiveCfg = Release|Any CPU
		{78CE5FF0-E5FC-0EA9-07E6-9F82BE2B3369}.Release|Any CPU.Build.0 = Release|Any CPU
		{40617545-5F80-4590-26B8-8A255DACD52F}.Debug|Any CPU.ActiveCfg = Debug|Any CPU
		{40617545-5F80-4590-26B8-8A255DACD52F}.Debug|Any CPU.Build.0 = Debug|Any CPU
		{40617545-5F80-4590-26B8-8A255DACD52F}.Release|Any CPU.ActiveCfg = Release|Any CPU
		{40617545-5F80-4590-26B8-8A255DACD52F}.Release|Any CPU.Build.0 = Release|Any CPU
		{8E030CA9-E29F-91A8-A35F-4D0A8767194B}.Debug|Any CPU.ActiveCfg = Debug|Any CPU
		{8E030CA9-E29F-91A8-A35F-4D0A8767194B}.Debug|Any CPU.Build.0 = Debug|Any CPU
		{8E030CA9-E29F-91A8-A35F-4D0A8767194B}.Release|Any CPU.ActiveCfg = Release|Any CPU
		{8E030CA9-E29F-91A8-A35F-4D0A8767194B}.Release|Any CPU.Build.0 = Release|Any CPU
		{368B1D57-B5BB-B3D0-56D7-37D3F6116478}.Debug|Any CPU.ActiveCfg = Debug|Any CPU
		{368B1D57-B5BB-B3D0-56D7-37D3F6116478}.Debug|Any CPU.Build.0 = Debug|Any CPU
		{368B1D57-B5BB-B3D0-56D7-37D3F6116478}.Release|Any CPU.ActiveCfg = Release|Any CPU
		{368B1D57-B5BB-B3D0-56D7-37D3F6116478}.Release|Any CPU.Build.0 = Release|Any CPU
		{B90A5D39-69CA-A693-EAE7-B90BA243B878}.Debug|Any CPU.ActiveCfg = Debug|Any CPU
		{B90A5D39-69CA-A693-EAE7-B90BA243B878}.Debug|Any CPU.Build.0 = Debug|Any CPU
		{B90A5D39-69CA-A693-EAE7-B90BA243B878}.Release|Any CPU.ActiveCfg = Release|Any CPU
		{B90A5D39-69CA-A693-EAE7-B90BA243B878}.Release|Any CPU.Build.0 = Release|Any CPU
		{6D8BEF81-7452-9364-2D2D-99A23F1A8018}.Debug|Any CPU.ActiveCfg = Debug|Any CPU
		{6D8BEF81-7452-9364-2D2D-99A23F1A8018}.Debug|Any CPU.Build.0 = Debug|Any CPU
		{6D8BEF81-7452-9364-2D2D-99A23F1A8018}.Release|Any CPU.ActiveCfg = Release|Any CPU
		{6D8BEF81-7452-9364-2D2D-99A23F1A8018}.Release|Any CPU.Build.0 = Release|Any CPU
		{A51C81DF-6BE2-420E-5700-E9497C64367E}.Debug|Any CPU.ActiveCfg = Debug|Any CPU
		{A51C81DF-6BE2-420E-5700-E9497C64367E}.Debug|Any CPU.Build.0 = Debug|Any CPU
		{A51C81DF-6BE2-420E-5700-E9497C64367E}.Release|Any CPU.ActiveCfg = Release|Any CPU
		{A51C81DF-6BE2-420E-5700-E9497C64367E}.Release|Any CPU.Build.0 = Release|Any CPU
		{AA19E130-04E2-E69C-C406-0A10729D02F0}.Debug|Any CPU.ActiveCfg = Debug|Any CPU
		{AA19E130-04E2-E69C-C406-0A10729D02F0}.Debug|Any CPU.Build.0 = Debug|Any CPU
		{AA19E130-04E2-E69C-C406-0A10729D02F0}.Release|Any CPU.ActiveCfg = Release|Any CPU
		{AA19E130-04E2-E69C-C406-0A10729D02F0}.Release|Any CPU.Build.0 = Release|Any CPU
		{235D4F00-9454-8439-4F76-E76BF614AB8B}.Debug|Any CPU.ActiveCfg = Debug|Any CPU
		{235D4F00-9454-8439-4F76-E76BF614AB8B}.Debug|Any CPU.Build.0 = Debug|Any CPU
		{235D4F00-9454-8439-4F76-E76BF614AB8B}.Release|Any CPU.ActiveCfg = Release|Any CPU
		{235D4F00-9454-8439-4F76-E76BF614AB8B}.Release|Any CPU.Build.0 = Release|Any CPU
		{64DCE802-F623-B334-6B7D-59CF20DC4D0A}.Debug|Any CPU.ActiveCfg = Debug|Any CPU
		{64DCE802-F623-B334-6B7D-59CF20DC4D0A}.Debug|Any CPU.Build.0 = Debug|Any CPU
		{64DCE802-F623-B334-6B7D-59CF20DC4D0A}.Release|Any CPU.ActiveCfg = Release|Any CPU
		{64DCE802-F623-B334-6B7D-59CF20DC4D0A}.Release|Any CPU.Build.0 = Release|Any CPU
		{7477880C-1F04-D204-FD17-C85CD7DF3868}.Debug|Any CPU.ActiveCfg = Debug|Any CPU
		{7477880C-1F04-D204-FD17-C85CD7DF3868}.Debug|Any CPU.Build.0 = Debug|Any CPU
		{7477880C-1F04-D204-FD17-C85CD7DF3868}.Release|Any CPU.ActiveCfg = Release|Any CPU
		{7477880C-1F04-D204-FD17-C85CD7DF3868}.Release|Any CPU.Build.0 = Release|Any CPU
		{E0EE8799-B8F6-CE45-00F9-AD27FB1EC57A}.Debug|Any CPU.ActiveCfg = Debug|Any CPU
		{E0EE8799-B8F6-CE45-00F9-AD27FB1EC57A}.Debug|Any CPU.Build.0 = Debug|Any CPU
		{E0EE8799-B8F6-CE45-00F9-AD27FB1EC57A}.Release|Any CPU.ActiveCfg = Release|Any CPU
		{E0EE8799-B8F6-CE45-00F9-AD27FB1EC57A}.Release|Any CPU.Build.0 = Release|Any CPU
		{EEFD3B90-79B3-FA86-3F8E-DA5CD2666F88}.Debug|Any CPU.ActiveCfg = Debug|Any CPU
		{EEFD3B90-79B3-FA86-3F8E-DA5CD2666F88}.Debug|Any CPU.Build.0 = Debug|Any CPU
		{EEFD3B90-79B3-FA86-3F8E-DA5CD2666F88}.Release|Any CPU.ActiveCfg = Release|Any CPU
		{EEFD3B90-79B3-FA86-3F8E-DA5CD2666F88}.Release|Any CPU.Build.0 = Release|Any CPU
		{D9C1809A-DD95-6D03-1973-74E5EBD0082A}.Debug|Any CPU.ActiveCfg = Debug|Any CPU
		{D9C1809A-DD95-6D03-1973-74E5EBD0082A}.Debug|Any CPU.Build.0 = Debug|Any CPU
		{D9C1809A-DD95-6D03-1973-74E5EBD0082A}.Release|Any CPU.ActiveCfg = Release|Any CPU
		{D9C1809A-DD95-6D03-1973-74E5EBD0082A}.Release|Any CPU.Build.0 = Release|Any CPU
		{C9C8184E-44EA-0C7E-2121-C4E512AF8583}.Debug|Any CPU.ActiveCfg = Debug|Any CPU
		{C9C8184E-44EA-0C7E-2121-C4E512AF8583}.Debug|Any CPU.Build.0 = Debug|Any CPU
		{C9C8184E-44EA-0C7E-2121-C4E512AF8583}.Release|Any CPU.ActiveCfg = Release|Any CPU
		{C9C8184E-44EA-0C7E-2121-C4E512AF8583}.Release|Any CPU.Build.0 = Release|Any CPU
		{9CA98717-7F32-504B-A03A-7CD0584D91E6}.Debug|Any CPU.ActiveCfg = Debug|Any CPU
		{9CA98717-7F32-504B-A03A-7CD0584D91E6}.Debug|Any CPU.Build.0 = Debug|Any CPU
		{9CA98717-7F32-504B-A03A-7CD0584D91E6}.Release|Any CPU.ActiveCfg = Release|Any CPU
		{9CA98717-7F32-504B-A03A-7CD0584D91E6}.Release|Any CPU.Build.0 = Release|Any CPU
		{BF332C4C-C507-EDCE-1813-680359019300}.Debug|Any CPU.ActiveCfg = Debug|Any CPU
		{BF332C4C-C507-EDCE-1813-680359019300}.Debug|Any CPU.Build.0 = Debug|Any CPU
		{BF332C4C-C507-EDCE-1813-680359019300}.Release|Any CPU.ActiveCfg = Release|Any CPU
		{BF332C4C-C507-EDCE-1813-680359019300}.Release|Any CPU.Build.0 = Release|Any CPU
		{EEA882F2-03B6-1E31-1051-E71F50758A8A}.Debug|Any CPU.ActiveCfg = Debug|Any CPU
		{EEA882F2-03B6-1E31-1051-E71F50758A8A}.Debug|Any CPU.Build.0 = Debug|Any CPU
		{EEA882F2-03B6-1E31-1051-E71F50758A8A}.Release|Any CPU.ActiveCfg = Release|Any CPU
		{EEA882F2-03B6-1E31-1051-E71F50758A8A}.Release|Any CPU.Build.0 = Release|Any CPU
		{40DC2E5F-7685-6B31-D358-5C430D272A25}.Debug|Any CPU.ActiveCfg = Debug|Any CPU
		{40DC2E5F-7685-6B31-D358-5C430D272A25}.Debug|Any CPU.Build.0 = Debug|Any CPU
		{40DC2E5F-7685-6B31-D358-5C430D272A25}.Release|Any CPU.ActiveCfg = Release|Any CPU
		{40DC2E5F-7685-6B31-D358-5C430D272A25}.Release|Any CPU.Build.0 = Release|Any CPU
		{E5A3BC34-DF8F-E772-E197-256CEA8AC6DC}.Debug|Any CPU.ActiveCfg = Debug|Any CPU
		{E5A3BC34-DF8F-E772-E197-256CEA8AC6DC}.Debug|Any CPU.Build.0 = Debug|Any CPU
		{E5A3BC34-DF8F-E772-E197-256CEA8AC6DC}.Release|Any CPU.ActiveCfg = Release|Any CPU
		{E5A3BC34-DF8F-E772-E197-256CEA8AC6DC}.Release|Any CPU.Build.0 = Release|Any CPU
		{11380547-E9EE-4388-4C8A-0FBB42370FF5}.Debug|Any CPU.ActiveCfg = Debug|Any CPU
		{11380547-E9EE-4388-4C8A-0FBB42370FF5}.Debug|Any CPU.Build.0 = Debug|Any CPU
		{11380547-E9EE-4388-4C8A-0FBB42370FF5}.Release|Any CPU.ActiveCfg = Release|Any CPU
		{11380547-E9EE-4388-4C8A-0FBB42370FF5}.Release|Any CPU.Build.0 = Release|Any CPU
		{4DE9B3EE-B010-3481-8BCC-95B05E86775B}.Debug|Any CPU.ActiveCfg = Debug|Any CPU
		{4DE9B3EE-B010-3481-8BCC-95B05E86775B}.Debug|Any CPU.Build.0 = Debug|Any CPU
		{4DE9B3EE-B010-3481-8BCC-95B05E86775B}.Release|Any CPU.ActiveCfg = Release|Any CPU
		{4DE9B3EE-B010-3481-8BCC-95B05E86775B}.Release|Any CPU.Build.0 = Release|Any CPU
		{8C63FE37-027A-2190-2732-DECAB2423AB2}.Debug|Any CPU.ActiveCfg = Debug|Any CPU
		{8C63FE37-027A-2190-2732-DECAB2423AB2}.Debug|Any CPU.Build.0 = Debug|Any CPU
		{8C63FE37-027A-2190-2732-DECAB2423AB2}.Release|Any CPU.ActiveCfg = Release|Any CPU
		{8C63FE37-027A-2190-2732-DECAB2423AB2}.Release|Any CPU.Build.0 = Release|Any CPU
		{CE42CB8F-8596-4BF2-BE16-EF91A6F2A5C4}.Debug|Any CPU.ActiveCfg = Debug|Any CPU
		{CE42CB8F-8596-4BF2-BE16-EF91A6F2A5C4}.Debug|Any CPU.Build.0 = Debug|Any CPU
		{CE42CB8F-8596-4BF2-BE16-EF91A6F2A5C4}.Release|Any CPU.ActiveCfg = Release|Any CPU
		{CE42CB8F-8596-4BF2-BE16-EF91A6F2A5C4}.Release|Any CPU.Build.0 = Release|Any CPU
		{04AE2D32-87A0-B46D-68D2-2789777F2DB9}.Debug|Any CPU.ActiveCfg = Debug|Any CPU
		{04AE2D32-87A0-B46D-68D2-2789777F2DB9}.Debug|Any CPU.Build.0 = Debug|Any CPU
		{04AE2D32-87A0-B46D-68D2-2789777F2DB9}.Release|Any CPU.ActiveCfg = Release|Any CPU
		{04AE2D32-87A0-B46D-68D2-2789777F2DB9}.Release|Any CPU.Build.0 = Release|Any CPU
		{10C8F346-B165-5220-D0C5-BD1ACE954E2D}.Debug|Any CPU.ActiveCfg = Debug|Any CPU
		{10C8F346-B165-5220-D0C5-BD1ACE954E2D}.Debug|Any CPU.Build.0 = Debug|Any CPU
		{10C8F346-B165-5220-D0C5-BD1ACE954E2D}.Release|Any CPU.ActiveCfg = Release|Any CPU
		{10C8F346-B165-5220-D0C5-BD1ACE954E2D}.Release|Any CPU.Build.0 = Release|Any CPU
		{F6597539-1D73-A165-AF3D-1218501FA8D8}.Debug|Any CPU.ActiveCfg = Debug|Any CPU
		{F6597539-1D73-A165-AF3D-1218501FA8D8}.Debug|Any CPU.Build.0 = Debug|Any CPU
		{F6597539-1D73-A165-AF3D-1218501FA8D8}.Release|Any CPU.ActiveCfg = Release|Any CPU
		{F6597539-1D73-A165-AF3D-1218501FA8D8}.Release|Any CPU.Build.0 = Release|Any CPU
		{ECF3ABB9-5481-C192-4107-8B9983C16C1C}.Debug|Any CPU.ActiveCfg = Debug|Any CPU
		{ECF3ABB9-5481-C192-4107-8B9983C16C1C}.Debug|Any CPU.Build.0 = Debug|Any CPU
		{ECF3ABB9-5481-C192-4107-8B9983C16C1C}.Release|Any CPU.ActiveCfg = Release|Any CPU
		{ECF3ABB9-5481-C192-4107-8B9983C16C1C}.Release|Any CPU.Build.0 = Release|Any CPU
		{E979FB66-EC84-EF91-9242-B2712ED7140A}.Debug|Any CPU.ActiveCfg = Debug|Any CPU
		{E979FB66-EC84-EF91-9242-B2712ED7140A}.Debug|Any CPU.Build.0 = Debug|Any CPU
		{E979FB66-EC84-EF91-9242-B2712ED7140A}.Release|Any CPU.ActiveCfg = Release|Any CPU
		{E979FB66-EC84-EF91-9242-B2712ED7140A}.Release|Any CPU.Build.0 = Release|Any CPU
		{28B728FF-3E53-7DD0-CE04-B482C5C76752}.Debug|Any CPU.ActiveCfg = Debug|Any CPU
		{28B728FF-3E53-7DD0-CE04-B482C5C76752}.Debug|Any CPU.Build.0 = Debug|Any CPU
		{28B728FF-3E53-7DD0-CE04-B482C5C76752}.Release|Any CPU.ActiveCfg = Release|Any CPU
		{28B728FF-3E53-7DD0-CE04-B482C5C76752}.Release|Any CPU.Build.0 = Release|Any CPU
		{1C2AC0D3-6DAE-DC3D-931B-24664CBB06F3}.Debug|Any CPU.ActiveCfg = Debug|Any CPU
		{1C2AC0D3-6DAE-DC3D-931B-24664CBB06F3}.Debug|Any CPU.Build.0 = Debug|Any CPU
		{1C2AC0D3-6DAE-DC3D-931B-24664CBB06F3}.Release|Any CPU.ActiveCfg = Release|Any CPU
		{1C2AC0D3-6DAE-DC3D-931B-24664CBB06F3}.Release|Any CPU.Build.0 = Release|Any CPU
		{5FE77C67-2CAF-6963-5B8F-09872D40457D}.Debug|Any CPU.ActiveCfg = Debug|Any CPU
		{5FE77C67-2CAF-6963-5B8F-09872D40457D}.Debug|Any CPU.Build.0 = Debug|Any CPU
		{5FE77C67-2CAF-6963-5B8F-09872D40457D}.Release|Any CPU.ActiveCfg = Release|Any CPU
		{5FE77C67-2CAF-6963-5B8F-09872D40457D}.Release|Any CPU.Build.0 = Release|Any CPU
		{486A3C92-07AC-0CA5-4397-0BF66B32562A}.Debug|Any CPU.ActiveCfg = Debug|Any CPU
		{486A3C92-07AC-0CA5-4397-0BF66B32562A}.Debug|Any CPU.Build.0 = Debug|Any CPU
		{486A3C92-07AC-0CA5-4397-0BF66B32562A}.Release|Any CPU.ActiveCfg = Release|Any CPU
		{486A3C92-07AC-0CA5-4397-0BF66B32562A}.Release|Any CPU.Build.0 = Release|Any CPU
		{A0B12E29-D9FD-31AA-D2B4-E4CBCA6021F4}.Debug|Any CPU.ActiveCfg = Debug|Any CPU
		{A0B12E29-D9FD-31AA-D2B4-E4CBCA6021F4}.Debug|Any CPU.Build.0 = Debug|Any CPU
		{A0B12E29-D9FD-31AA-D2B4-E4CBCA6021F4}.Release|Any CPU.ActiveCfg = Release|Any CPU
		{A0B12E29-D9FD-31AA-D2B4-E4CBCA6021F4}.Release|Any CPU.Build.0 = Release|Any CPU
		{00F86DD8-291F-DBFC-B693-0F6188720A83}.Debug|Any CPU.ActiveCfg = Debug|Any CPU
		{00F86DD8-291F-DBFC-B693-0F6188720A83}.Debug|Any CPU.Build.0 = Debug|Any CPU
		{00F86DD8-291F-DBFC-B693-0F6188720A83}.Release|Any CPU.ActiveCfg = Release|Any CPU
		{00F86DD8-291F-DBFC-B693-0F6188720A83}.Release|Any CPU.Build.0 = Release|Any CPU
		{A1F4E34D-7DB4-85B2-1714-BE4EBF5212AE}.Debug|Any CPU.ActiveCfg = Debug|Any CPU
		{A1F4E34D-7DB4-85B2-1714-BE4EBF5212AE}.Debug|Any CPU.Build.0 = Debug|Any CPU
		{A1F4E34D-7DB4-85B2-1714-BE4EBF5212AE}.Release|Any CPU.ActiveCfg = Release|Any CPU
		{A1F4E34D-7DB4-85B2-1714-BE4EBF5212AE}.Release|Any CPU.Build.0 = Release|Any CPU
		{D4F25B1D-BFED-90FA-9751-10B9BAF81100}.Debug|Any CPU.ActiveCfg = Debug|Any CPU
		{D4F25B1D-BFED-90FA-9751-10B9BAF81100}.Debug|Any CPU.Build.0 = Debug|Any CPU
		{D4F25B1D-BFED-90FA-9751-10B9BAF81100}.Release|Any CPU.ActiveCfg = Release|Any CPU
		{D4F25B1D-BFED-90FA-9751-10B9BAF81100}.Release|Any CPU.Build.0 = Release|Any CPU
		{622F817F-FEEF-606A-7317-2CE9499C552B}.Debug|Any CPU.ActiveCfg = Debug|Any CPU
		{622F817F-FEEF-606A-7317-2CE9499C552B}.Debug|Any CPU.Build.0 = Debug|Any CPU
		{622F817F-FEEF-606A-7317-2CE9499C552B}.Release|Any CPU.ActiveCfg = Release|Any CPU
		{622F817F-FEEF-606A-7317-2CE9499C552B}.Release|Any CPU.Build.0 = Release|Any CPU
		{2C8189DD-D553-E2FA-9D7E-C24D369A64E2}.Debug|Any CPU.ActiveCfg = Debug|Any CPU
		{2C8189DD-D553-E2FA-9D7E-C24D369A64E2}.Debug|Any CPU.Build.0 = Debug|Any CPU
		{2C8189DD-D553-E2FA-9D7E-C24D369A64E2}.Release|Any CPU.ActiveCfg = Release|Any CPU
		{2C8189DD-D553-E2FA-9D7E-C24D369A64E2}.Release|Any CPU.Build.0 = Release|Any CPU
		{197E4436-B6B7-D3F8-F954-2C5AB2761CF5}.Debug|Any CPU.ActiveCfg = Debug|Any CPU
		{197E4436-B6B7-D3F8-F954-2C5AB2761CF5}.Debug|Any CPU.Build.0 = Debug|Any CPU
		{197E4436-B6B7-D3F8-F954-2C5AB2761CF5}.Release|Any CPU.ActiveCfg = Release|Any CPU
		{197E4436-B6B7-D3F8-F954-2C5AB2761CF5}.Release|Any CPU.Build.0 = Release|Any CPU
		{ED0BABF4-A775-3980-6E86-651A82D2E4B7}.Debug|Any CPU.ActiveCfg = Debug|Any CPU
		{ED0BABF4-A775-3980-6E86-651A82D2E4B7}.Debug|Any CPU.Build.0 = Debug|Any CPU
		{ED0BABF4-A775-3980-6E86-651A82D2E4B7}.Release|Any CPU.ActiveCfg = Release|Any CPU
		{ED0BABF4-A775-3980-6E86-651A82D2E4B7}.Release|Any CPU.Build.0 = Release|Any CPU
		{62A3CCBC-9596-9B59-9156-14010AE3FD97}.Debug|Any CPU.ActiveCfg = Debug|Any CPU
		{62A3CCBC-9596-9B59-9156-14010AE3FD97}.Debug|Any CPU.Build.0 = Debug|Any CPU
		{62A3CCBC-9596-9B59-9156-14010AE3FD97}.Release|Any CPU.ActiveCfg = Release|Any CPU
		{62A3CCBC-9596-9B59-9156-14010AE3FD97}.Release|Any CPU.Build.0 = Release|Any CPU
		{BF7656F6-2765-3285-6B3C-4DBFCEC84351}.Debug|Any CPU.ActiveCfg = Debug|Any CPU
		{BF7656F6-2765-3285-6B3C-4DBFCEC84351}.Debug|Any CPU.Build.0 = Debug|Any CPU
		{BF7656F6-2765-3285-6B3C-4DBFCEC84351}.Release|Any CPU.ActiveCfg = Release|Any CPU
		{BF7656F6-2765-3285-6B3C-4DBFCEC84351}.Release|Any CPU.Build.0 = Release|Any CPU
		{A34AED29-1474-F11A-11DE-7C69F3FC5AF0}.Debug|Any CPU.ActiveCfg = Debug|Any CPU
		{A34AED29-1474-F11A-11DE-7C69F3FC5AF0}.Debug|Any CPU.Build.0 = Debug|Any CPU
		{A34AED29-1474-F11A-11DE-7C69F3FC5AF0}.Release|Any CPU.ActiveCfg = Release|Any CPU
		{A34AED29-1474-F11A-11DE-7C69F3FC5AF0}.Release|Any CPU.Build.0 = Release|Any CPU
		{C949AF45-A533-1404-6A93-EA3899FB1FA8}.Debug|Any CPU.ActiveCfg = Debug|Any CPU
		{C949AF45-A533-1404-6A93-EA3899FB1FA8}.Debug|Any CPU.Build.0 = Debug|Any CPU
		{C949AF45-A533-1404-6A93-EA3899FB1FA8}.Release|Any CPU.ActiveCfg = Release|Any CPU
		{C949AF45-A533-1404-6A93-EA3899FB1FA8}.Release|Any CPU.Build.0 = Release|Any CPU
		{831CF5C6-A273-EC26-2962-CBD6E23357B0}.Debug|Any CPU.ActiveCfg = Debug|Any CPU
		{831CF5C6-A273-EC26-2962-CBD6E23357B0}.Debug|Any CPU.Build.0 = Debug|Any CPU
		{831CF5C6-A273-EC26-2962-CBD6E23357B0}.Release|Any CPU.ActiveCfg = Release|Any CPU
		{831CF5C6-A273-EC26-2962-CBD6E23357B0}.Release|Any CPU.Build.0 = Release|Any CPU
		{13D4C677-1FF6-9269-1780-6B5AEB64A266}.Debug|Any CPU.ActiveCfg = Debug|Any CPU
		{13D4C677-1FF6-9269-1780-6B5AEB64A266}.Debug|Any CPU.Build.0 = Debug|Any CPU
		{13D4C677-1FF6-9269-1780-6B5AEB64A266}.Release|Any CPU.ActiveCfg = Release|Any CPU
		{13D4C677-1FF6-9269-1780-6B5AEB64A266}.Release|Any CPU.Build.0 = Release|Any CPU
		{95347572-88E4-A550-1EF5-8681B6A4F9A2}.Debug|Any CPU.ActiveCfg = Debug|Any CPU
		{95347572-88E4-A550-1EF5-8681B6A4F9A2}.Debug|Any CPU.Build.0 = Debug|Any CPU
		{95347572-88E4-A550-1EF5-8681B6A4F9A2}.Release|Any CPU.ActiveCfg = Release|Any CPU
		{95347572-88E4-A550-1EF5-8681B6A4F9A2}.Release|Any CPU.Build.0 = Release|Any CPU
		{0D311A19-014E-910C-2093-22DBEFD8C06F}.Debug|Any CPU.ActiveCfg = Debug|Any CPU
		{0D311A19-014E-910C-2093-22DBEFD8C06F}.Debug|Any CPU.Build.0 = Debug|Any CPU
		{0D311A19-014E-910C-2093-22DBEFD8C06F}.Release|Any CPU.ActiveCfg = Release|Any CPU
		{0D311A19-014E-910C-2093-22DBEFD8C06F}.Release|Any CPU.Build.0 = Release|Any CPU
		{20A4F036-0CA6-BBAF-F03A-8AA4F1419B1B}.Debug|Any CPU.ActiveCfg = Debug|Any CPU
		{20A4F036-0CA6-BBAF-F03A-8AA4F1419B1B}.Debug|Any CPU.Build.0 = Debug|Any CPU
		{20A4F036-0CA6-BBAF-F03A-8AA4F1419B1B}.Release|Any CPU.ActiveCfg = Release|Any CPU
		{20A4F036-0CA6-BBAF-F03A-8AA4F1419B1B}.Release|Any CPU.Build.0 = Release|Any CPU
		{7272939D-3051-FE6E-7246-20006F294AFE}.Debug|Any CPU.ActiveCfg = Debug|Any CPU
		{7272939D-3051-FE6E-7246-20006F294AFE}.Debug|Any CPU.Build.0 = Debug|Any CPU
		{7272939D-3051-FE6E-7246-20006F294AFE}.Release|Any CPU.ActiveCfg = Release|Any CPU
		{7272939D-3051-FE6E-7246-20006F294AFE}.Release|Any CPU.Build.0 = Release|Any CPU
		{F7EBEADC-FFF5-9933-6FCD-D29B2BE08033}.Debug|Any CPU.ActiveCfg = Debug|Any CPU
		{F7EBEADC-FFF5-9933-6FCD-D29B2BE08033}.Debug|Any CPU.Build.0 = Debug|Any CPU
		{F7EBEADC-FFF5-9933-6FCD-D29B2BE08033}.Release|Any CPU.ActiveCfg = Release|Any CPU
		{F7EBEADC-FFF5-9933-6FCD-D29B2BE08033}.Release|Any CPU.Build.0 = Release|Any CPU
		{BD836357-0A1E-66C6-C64E-860FBDDBC030}.Debug|Any CPU.ActiveCfg = Debug|Any CPU
		{BD836357-0A1E-66C6-C64E-860FBDDBC030}.Debug|Any CPU.Build.0 = Debug|Any CPU
		{BD836357-0A1E-66C6-C64E-860FBDDBC030}.Release|Any CPU.ActiveCfg = Release|Any CPU
		{BD836357-0A1E-66C6-C64E-860FBDDBC030}.Release|Any CPU.Build.0 = Release|Any CPU
		{23C7F24B-8664-6FF4-B8D3-0AD4D0106814}.Debug|Any CPU.ActiveCfg = Debug|Any CPU
		{23C7F24B-8664-6FF4-B8D3-0AD4D0106814}.Debug|Any CPU.Build.0 = Debug|Any CPU
		{23C7F24B-8664-6FF4-B8D3-0AD4D0106814}.Release|Any CPU.ActiveCfg = Release|Any CPU
		{23C7F24B-8664-6FF4-B8D3-0AD4D0106814}.Release|Any CPU.Build.0 = Release|Any CPU
		{8DF3F290-BD1B-0678-04A4-000356DAD451}.Debug|Any CPU.ActiveCfg = Debug|Any CPU
		{8DF3F290-BD1B-0678-04A4-000356DAD451}.Debug|Any CPU.Build.0 = Debug|Any CPU
		{8DF3F290-BD1B-0678-04A4-000356DAD451}.Release|Any CPU.ActiveCfg = Release|Any CPU
		{8DF3F290-BD1B-0678-04A4-000356DAD451}.Release|Any CPU.Build.0 = Release|Any CPU
	EndGlobalSection
	GlobalSection(SolutionProperties) = preSolution
		HideSolutionNode = FALSE
	EndGlobalSection
EndGlobal
